
Microsoft Visual Studio Solution File, Format Version 12.00
# Visual Studio 15
VisualStudioVersion = 15.0.27703.2026
MinimumVisualStudioVersion = 10.0.40219.1
Project("{FAE04EC0-301F-11D3-BF4B-00C04F79EFBC}") = "TracertX", "TracertX\TracertX.csproj", "{A185D182-B62F-47F1-ADD2-4BB99B4BF82E}"
EndProject
Global
	GlobalSection(SolutionConfigurationPlatforms) = preSolution
		Debug|Any CPU = Debug|Any CPU
		Release|Any CPU = Release|Any CPU
	EndGlobalSection
	GlobalSection(ProjectConfigurationPlatforms) = postSolution
		{A185D182-B62F-47F1-ADD2-4BB99B4BF82E}.Debug|Any CPU.ActiveCfg = Debug|Any CPU
		{A185D182-B62F-47F1-ADD2-4BB99B4BF82E}.Debug|Any CPU.Build.0 = Debug|Any CPU
		{A185D182-B62F-47F1-ADD2-4BB99B4BF82E}.Release|Any CPU.ActiveCfg = Release|Any CPU
		{A185D182-B62F-47F1-ADD2-4BB99B4BF82E}.Release|Any CPU.Build.0 = Release|Any CPU
	EndGlobalSection
	GlobalSection(SolutionProperties) = preSolution
		HideSolutionNode = FALSE
	EndGlobalSection
	GlobalSection(ExtensibilityGlobals) = postSolution
		SolutionGuid = {E2637BD7-389C-42DE-AC7D-2652E9871F4D}
	EndGlobalSection
EndGlobal
